
Microsoft Visual Studio Solution File, Format Version 12.00
# Visual Studio Version 17
VisualStudioVersion = 17.7.34031.279
MinimumVisualStudioVersion = 10.0.40219.1
Project("{FAE04EC0-301F-11D3-BF4B-00C04F79EFBC}") = "Model", "Model\Model.csproj", "{F1019066-53E6-40FC-B58B-89181553DCBD}"
EndProject
Project("{FAE04EC0-301F-11D3-BF4B-00C04F79EFBC}") = "DAL", "DAL\DAL.csproj", "{C169D3C2-906D-47EB-B090-8F2B0BF7DD7F}"
EndProject
Project("{FAE04EC0-301F-11D3-BF4B-00C04F79EFBC}") = "BUS", "BUS\BUS.csproj", "{B4CD6B4B-7EB8-45FE-B9C4-7B08A275A8A0}"
EndProject
Project("{FAE04EC0-301F-11D3-BF4B-00C04F79EFBC}") = "API_BTL_LCN", "API_BTL_LCN\API_BTL_LCN.csproj", "{333775EB-9133-4342-9C97-DCD9048FD625}"
EndProject
Global
	GlobalSection(SolutionConfigurationPlatforms) = preSolution
		Debug|Any CPU = Debug|Any CPU
		Release|Any CPU = Release|Any CPU
	EndGlobalSection
	GlobalSection(ProjectConfigurationPlatforms) = postSolution
		{F1019066-53E6-40FC-B58B-89181553DCBD}.Debug|Any CPU.ActiveCfg = Debug|Any CPU
		{F1019066-53E6-40FC-B58B-89181553DCBD}.Debug|Any CPU.Build.0 = Debug|Any CPU
		{F1019066-53E6-40FC-B58B-89181553DCBD}.Release|Any CPU.ActiveCfg = Release|Any CPU
		{F1019066-53E6-40FC-B58B-89181553DCBD}.Release|Any CPU.Build.0 = Release|Any CPU
		{C169D3C2-906D-47EB-B090-8F2B0BF7DD7F}.Debug|Any CPU.ActiveCfg = Debug|Any CPU
		{C169D3C2-906D-47EB-B090-8F2B0BF7DD7F}.Debug|Any CPU.Build.0 = Debug|Any CPU
		{C169D3C2-906D-47EB-B090-8F2B0BF7DD7F}.Release|Any CPU.ActiveCfg = Release|Any CPU
		{C169D3C2-906D-47EB-B090-8F2B0BF7DD7F}.Release|Any CPU.Build.0 = Release|Any CPU
		{B4CD6B4B-7EB8-45FE-B9C4-7B08A275A8A0}.Debug|Any CPU.ActiveCfg = Debug|Any CPU
		{B4CD6B4B-7EB8-45FE-B9C4-7B08A275A8A0}.Debug|Any CPU.Build.0 = Debug|Any CPU
		{B4CD6B4B-7EB8-45FE-B9C4-7B08A275A8A0}.Release|Any CPU.ActiveCfg = Release|Any CPU
		{B4CD6B4B-7EB8-45FE-B9C4-7B08A275A8A0}.Release|Any CPU.Build.0 = Release|Any CPU
		{333775EB-9133-4342-9C97-DCD9048FD625}.Debug|Any CPU.ActiveCfg = Debug|Any CPU
		{333775EB-9133-4342-9C97-DCD9048FD625}.Debug|Any CPU.Build.0 = Debug|Any CPU
		{333775EB-9133-4342-9C97-DCD9048FD625}.Release|Any CPU.ActiveCfg = Release|Any CPU
		{333775EB-9133-4342-9C97-DCD9048FD625}.Release|Any CPU.Build.0 = Release|Any CPU
	EndGlobalSection
	GlobalSection(SolutionProperties) = preSolution
		HideSolutionNode = FALSE
	EndGlobalSection
	GlobalSection(ExtensibilityGlobals) = postSolution
		SolutionGuid = {D0B437D6-16A2-4383-8675-CB5378E2C5AC}
	EndGlobalSection
EndGlobal
